
Microsoft Visual Studio Solution File, Format Version 12.00
# Visual Studio Version 16
VisualStudioVersion = 16.0.28803.202
MinimumVisualStudioVersion = 10.0.40219.1
Project("{FAE04EC0-301F-11D3-BF4B-00C04F79EFBC}") = "0502_MainMenuApp", "0502_MainMenuApp\0502_MainMenuApp.csproj", "{AA4D2D55-5C92-4E3D-A56D-D4458A98D6B4}"
EndProject
Global
	GlobalSection(SolutionConfigurationPlatforms) = preSolution
		Debug|Any CPU = Debug|Any CPU
		Release|Any CPU = Release|Any CPU
	EndGlobalSection
	GlobalSection(ProjectConfigurationPlatforms) = postSolution
		{AA4D2D55-5C92-4E3D-A56D-D4458A98D6B4}.Debug|Any CPU.ActiveCfg = Debug|Any CPU
		{AA4D2D55-5C92-4E3D-A56D-D4458A98D6B4}.Debug|Any CPU.Build.0 = Debug|Any CPU
		{AA4D2D55-5C92-4E3D-A56D-D4458A98D6B4}.Release|Any CPU.ActiveCfg = Release|Any CPU
		{AA4D2D55-5C92-4E3D-A56D-D4458A98D6B4}.Release|Any CPU.Build.0 = Release|Any CPU
	EndGlobalSection
	GlobalSection(SolutionProperties) = preSolution
		HideSolutionNode = FALSE
	EndGlobalSection
	GlobalSection(ExtensibilityGlobals) = postSolution
		SolutionGuid = {01B4DDB4-40CD-46A7-81DC-4678C1090910}
	EndGlobalSection
EndGlobal
