
Microsoft Visual Studio Solution File, Format Version 12.00
# Visual Studio 15
VisualStudioVersion = 15.0.28010.2003
MinimumVisualStudioVersion = 10.0.40219.1
Project("{FAE04EC0-301F-11D3-BF4B-00C04F79EFBC}") = "0418_radioButton", "0418_radioButton\0418_radioButton.csproj", "{30B55F59-EC3B-4605-81B5-E0554403C583}"
EndProject
Global
	GlobalSection(SolutionConfigurationPlatforms) = preSolution
		Debug|Any CPU = Debug|Any CPU
		Release|Any CPU = Release|Any CPU
	EndGlobalSection
	GlobalSection(ProjectConfigurationPlatforms) = postSolution
		{30B55F59-EC3B-4605-81B5-E0554403C583}.Debug|Any CPU.ActiveCfg = Debug|Any CPU
		{30B55F59-EC3B-4605-81B5-E0554403C583}.Debug|Any CPU.Build.0 = Debug|Any CPU
		{30B55F59-EC3B-4605-81B5-E0554403C583}.Release|Any CPU.ActiveCfg = Release|Any CPU
		{30B55F59-EC3B-4605-81B5-E0554403C583}.Release|Any CPU.Build.0 = Release|Any CPU
	EndGlobalSection
	GlobalSection(SolutionProperties) = preSolution
		HideSolutionNode = FALSE
	EndGlobalSection
	GlobalSection(ExtensibilityGlobals) = postSolution
		SolutionGuid = {72719C20-3DA5-4813-9880-8B52D707DC4B}
	EndGlobalSection
EndGlobal
