
Microsoft Visual Studio Solution File, Format Version 12.00
# Visual Studio 15
VisualStudioVersion = 15.0.28010.2003
MinimumVisualStudioVersion = 10.0.40219.1
Project("{8BC9CEB8-8B4A-11D0-8D11-00A0C91BC942}") = "Project4", "Project4\Project4.vcxproj", "{FAAAF0A0-02F9-4985-92FA-4C66CD10A4D1}"
EndProject
Global
	GlobalSection(SolutionConfigurationPlatforms) = preSolution
		Debug|x64 = Debug|x64
		Debug|x86 = Debug|x86
		Release|x64 = Release|x64
		Release|x86 = Release|x86
	EndGlobalSection
	GlobalSection(ProjectConfigurationPlatforms) = postSolution
		{FAAAF0A0-02F9-4985-92FA-4C66CD10A4D1}.Debug|x64.ActiveCfg = Debug|x64
		{FAAAF0A0-02F9-4985-92FA-4C66CD10A4D1}.Debug|x64.Build.0 = Debug|x64
		{FAAAF0A0-02F9-4985-92FA-4C66CD10A4D1}.Debug|x86.ActiveCfg = Debug|Win32
		{FAAAF0A0-02F9-4985-92FA-4C66CD10A4D1}.Debug|x86.Build.0 = Debug|Win32
		{FAAAF0A0-02F9-4985-92FA-4C66CD10A4D1}.Release|x64.ActiveCfg = Release|x64
		{FAAAF0A0-02F9-4985-92FA-4C66CD10A4D1}.Release|x64.Build.0 = Release|x64
		{FAAAF0A0-02F9-4985-92FA-4C66CD10A4D1}.Release|x86.ActiveCfg = Release|Win32
		{FAAAF0A0-02F9-4985-92FA-4C66CD10A4D1}.Release|x86.Build.0 = Release|Win32
	EndGlobalSection
	GlobalSection(SolutionProperties) = preSolution
		HideSolutionNode = FALSE
	EndGlobalSection
	GlobalSection(ExtensibilityGlobals) = postSolution
		SolutionGuid = {7FAAD55C-2661-49BF-B1AD-83639A9B9234}
	EndGlobalSection
EndGlobal
