
Microsoft Visual Studio Solution File, Format Version 12.00
# Visual Studio 15
VisualStudioVersion = 15.0.28010.2003
MinimumVisualStudioVersion = 10.0.40219.1
Project("{FAE04EC0-301F-11D3-BF4B-00C04F79EFBC}") = "MidTest01", "MidTest01\MidTest01.csproj", "{B691DA3A-2CAE-427D-8FE6-33ADB405C536}"
EndProject
Global
	GlobalSection(SolutionConfigurationPlatforms) = preSolution
		Debug|Any CPU = Debug|Any CPU
		Release|Any CPU = Release|Any CPU
	EndGlobalSection
	GlobalSection(ProjectConfigurationPlatforms) = postSolution
		{B691DA3A-2CAE-427D-8FE6-33ADB405C536}.Debug|Any CPU.ActiveCfg = Debug|Any CPU
		{B691DA3A-2CAE-427D-8FE6-33ADB405C536}.Debug|Any CPU.Build.0 = Debug|Any CPU
		{B691DA3A-2CAE-427D-8FE6-33ADB405C536}.Release|Any CPU.ActiveCfg = Release|Any CPU
		{B691DA3A-2CAE-427D-8FE6-33ADB405C536}.Release|Any CPU.Build.0 = Release|Any CPU
	EndGlobalSection
	GlobalSection(SolutionProperties) = preSolution
		HideSolutionNode = FALSE
	EndGlobalSection
	GlobalSection(ExtensibilityGlobals) = postSolution
		SolutionGuid = {1B7EFEE8-082B-45ED-9E13-34BF5F508CC2}
	EndGlobalSection
EndGlobal
