
Microsoft Visual Studio Solution File, Format Version 12.00
# Visual Studio 15
VisualStudioVersion = 15.0.28010.2003
MinimumVisualStudioVersion = 10.0.40219.1
Project("{FAE04EC0-301F-11D3-BF4B-00C04F79EFBC}") = "0404_FormTest", "0404_FormTest\0404_FormTest.csproj", "{0B874479-FC1A-4F30-A0B7-1BBDEAB61056}"
EndProject
Global
	GlobalSection(SolutionConfigurationPlatforms) = preSolution
		Debug|Any CPU = Debug|Any CPU
		Release|Any CPU = Release|Any CPU
	EndGlobalSection
	GlobalSection(ProjectConfigurationPlatforms) = postSolution
		{0B874479-FC1A-4F30-A0B7-1BBDEAB61056}.Debug|Any CPU.ActiveCfg = Debug|Any CPU
		{0B874479-FC1A-4F30-A0B7-1BBDEAB61056}.Debug|Any CPU.Build.0 = Debug|Any CPU
		{0B874479-FC1A-4F30-A0B7-1BBDEAB61056}.Release|Any CPU.ActiveCfg = Release|Any CPU
		{0B874479-FC1A-4F30-A0B7-1BBDEAB61056}.Release|Any CPU.Build.0 = Release|Any CPU
	EndGlobalSection
	GlobalSection(SolutionProperties) = preSolution
		HideSolutionNode = FALSE
	EndGlobalSection
	GlobalSection(ExtensibilityGlobals) = postSolution
		SolutionGuid = {D5DFE2F0-356E-4FC0-8704-0846E08FB7D2}
	EndGlobalSection
EndGlobal
