
Microsoft Visual Studio Solution File, Format Version 12.00
# Visual Studio Version 16
VisualStudioVersion = 16.0.28803.202
MinimumVisualStudioVersion = 10.0.40219.1
Project("{FAE04EC0-301F-11D3-BF4B-00C04F79EFBC}") = "0507_FocusEventApp", "0507_FocusEventApp\0507_FocusEventApp.csproj", "{C7535509-DFFC-446E-9D1A-8AF74DFCA392}"
EndProject
Global
	GlobalSection(SolutionConfigurationPlatforms) = preSolution
		Debug|Any CPU = Debug|Any CPU
		Release|Any CPU = Release|Any CPU
	EndGlobalSection
	GlobalSection(ProjectConfigurationPlatforms) = postSolution
		{C7535509-DFFC-446E-9D1A-8AF74DFCA392}.Debug|Any CPU.ActiveCfg = Debug|Any CPU
		{C7535509-DFFC-446E-9D1A-8AF74DFCA392}.Debug|Any CPU.Build.0 = Debug|Any CPU
		{C7535509-DFFC-446E-9D1A-8AF74DFCA392}.Release|Any CPU.ActiveCfg = Release|Any CPU
		{C7535509-DFFC-446E-9D1A-8AF74DFCA392}.Release|Any CPU.Build.0 = Release|Any CPU
	EndGlobalSection
	GlobalSection(SolutionProperties) = preSolution
		HideSolutionNode = FALSE
	EndGlobalSection
	GlobalSection(ExtensibilityGlobals) = postSolution
		SolutionGuid = {5C0FA5CF-4D47-457D-A5DD-B24B58A616F2}
	EndGlobalSection
EndGlobal
