
Microsoft Visual Studio Solution File, Format Version 12.00
# Visual Studio 15
VisualStudioVersion = 15.0.28010.2003
MinimumVisualStudioVersion = 10.0.40219.1
Project("{FAE04EC0-301F-11D3-BF4B-00C04F79EFBC}") = "CshopStudy", "CshopStudy\CshopStudy.csproj", "{62B3FEB0-D05D-4E69-AB67-4740BB6DB30D}"
EndProject
Global
	GlobalSection(SolutionConfigurationPlatforms) = preSolution
		Debug|Any CPU = Debug|Any CPU
		Release|Any CPU = Release|Any CPU
	EndGlobalSection
	GlobalSection(ProjectConfigurationPlatforms) = postSolution
		{62B3FEB0-D05D-4E69-AB67-4740BB6DB30D}.Debug|Any CPU.ActiveCfg = Debug|Any CPU
		{62B3FEB0-D05D-4E69-AB67-4740BB6DB30D}.Debug|Any CPU.Build.0 = Debug|Any CPU
		{62B3FEB0-D05D-4E69-AB67-4740BB6DB30D}.Release|Any CPU.ActiveCfg = Release|Any CPU
		{62B3FEB0-D05D-4E69-AB67-4740BB6DB30D}.Release|Any CPU.Build.0 = Release|Any CPU
	EndGlobalSection
	GlobalSection(SolutionProperties) = preSolution
		HideSolutionNode = FALSE
	EndGlobalSection
	GlobalSection(ExtensibilityGlobals) = postSolution
		SolutionGuid = {716C1431-1316-4A8A-8F52-AFD1AE943AF9}
	EndGlobalSection
EndGlobal
